
Microsoft Visual Studio Solution File, Format Version 12.00
# Visual Studio Version 17
VisualStudioVersion = 17.2.32630.192
MinimumVisualStudioVersion = 10.0.40219.1
Project("{FAE04EC0-301F-11D3-BF4B-00C04F79EFBC}") = "OOPPractice", "OOPPractice\OOPPractice.csproj", "{BF3F7022-5124-4C2C-BF59-7F3A7059EE13}"
EndProject
Global
	GlobalSection(SolutionConfigurationPlatforms) = preSolution
		Debug|Any CPU = Debug|Any CPU
		Release|Any CPU = Release|Any CPU
	EndGlobalSection
	GlobalSection(ProjectConfigurationPlatforms) = postSolution
		{BF3F7022-5124-4C2C-BF59-7F3A7059EE13}.Debug|Any CPU.ActiveCfg = Debug|Any CPU
		{BF3F7022-5124-4C2C-BF59-7F3A7059EE13}.Debug|Any CPU.Build.0 = Debug|Any CPU
		{BF3F7022-5124-4C2C-BF59-7F3A7059EE13}.Release|Any CPU.ActiveCfg = Release|Any CPU
		{BF3F7022-5124-4C2C-BF59-7F3A7059EE13}.Release|Any CPU.Build.0 = Release|Any CPU
	EndGlobalSection
	GlobalSection(SolutionProperties) = preSolution
		HideSolutionNode = FALSE
	EndGlobalSection
	GlobalSection(ExtensibilityGlobals) = postSolution
		SolutionGuid = {8A1117FA-D30D-4833-8D35-3E041C3E1325}
	EndGlobalSection
EndGlobal
